
Microsoft Visual Studio Solution File, Format Version 12.00
# Visual Studio 15
VisualStudioVersion = 15.0.28307.1401
MinimumVisualStudioVersion = 10.0.40219.1
Project("{FAE04EC0-301F-11D3-BF4B-00C04F79EFBC}") = "CustomerBillDetails", "CustomerBillDetails\CustomerBillDetails.csproj", "{8CC2D130-AA9E-4FEF-907F-361476EC564D}"
EndProject
Global
	GlobalSection(SolutionConfigurationPlatforms) = preSolution
		Debug|Any CPU = Debug|Any CPU
		Release|Any CPU = Release|Any CPU
	EndGlobalSection
	GlobalSection(ProjectConfigurationPlatforms) = postSolution
		{8CC2D130-AA9E-4FEF-907F-361476EC564D}.Debug|Any CPU.ActiveCfg = Debug|Any CPU
		{8CC2D130-AA9E-4FEF-907F-361476EC564D}.Debug|Any CPU.Build.0 = Debug|Any CPU
		{8CC2D130-AA9E-4FEF-907F-361476EC564D}.Release|Any CPU.ActiveCfg = Release|Any CPU
		{8CC2D130-AA9E-4FEF-907F-361476EC564D}.Release|Any CPU.Build.0 = Release|Any CPU
	EndGlobalSection
	GlobalSection(SolutionProperties) = preSolution
		HideSolutionNode = FALSE
	EndGlobalSection
	GlobalSection(ExtensibilityGlobals) = postSolution
		SolutionGuid = {89010753-564A-401C-B6DD-FDCB593AE099}
	EndGlobalSection
EndGlobal
